
Microsoft Visual Studio Solution File, Format Version 12.00
# Visual Studio 15
VisualStudioVersion = 15.0.27428.2043
MinimumVisualStudioVersion = 10.0.40219.1
Project("{8BC9CEB8-8B4A-11D0-8D11-00A0C91BC942}") = "color", "color\color.vcxproj", "{340901C7-7A65-4D49-B179-BFFDEA036233}"
EndProject
Global
	GlobalSection(SolutionConfigurationPlatforms) = preSolution
		Debug|x64 = Debug|x64
		Debug|x86 = Debug|x86
		Release|x64 = Release|x64
		Release|x86 = Release|x86
	EndGlobalSection
	GlobalSection(ProjectConfigurationPlatforms) = postSolution
		{340901C7-7A65-4D49-B179-BFFDEA036233}.Debug|x64.ActiveCfg = Debug|x64
		{340901C7-7A65-4D49-B179-BFFDEA036233}.Debug|x64.Build.0 = Debug|x64
		{340901C7-7A65-4D49-B179-BFFDEA036233}.Debug|x86.ActiveCfg = Debug|Win32
		{340901C7-7A65-4D49-B179-BFFDEA036233}.Debug|x86.Build.0 = Debug|Win32
		{340901C7-7A65-4D49-B179-BFFDEA036233}.Release|x64.ActiveCfg = Release|x64
		{340901C7-7A65-4D49-B179-BFFDEA036233}.Release|x64.Build.0 = Release|x64
		{340901C7-7A65-4D49-B179-BFFDEA036233}.Release|x86.ActiveCfg = Release|Win32
		{340901C7-7A65-4D49-B179-BFFDEA036233}.Release|x86.Build.0 = Release|Win32
	EndGlobalSection
	GlobalSection(SolutionProperties) = preSolution
		HideSolutionNode = FALSE
	EndGlobalSection
	GlobalSection(ExtensibilityGlobals) = postSolution
		SolutionGuid = {A2B1CA85-5379-4349-A91D-16375A802398}
	EndGlobalSection
EndGlobal
